
Microsoft Visual Studio Solution File, Format Version 12.00
# Visual Studio Version 17
VisualStudioVersion = 17.14.36109.1 d17.14
MinimumVisualStudioVersion = 10.0.40219.1
Project("{FAE04EC0-301F-11D3-BF4B-00C04F79EFBC}") = "Hangman", "Hangman\Hangman.csproj", "{DC429AC0-A0E2-46D5-8F70-8B30257FCC9F}"
EndProject
Global
	GlobalSection(SolutionConfigurationPlatforms) = preSolution
		Debug|Any CPU = Debug|Any CPU
		Release|Any CPU = Release|Any CPU
	EndGlobalSection
	GlobalSection(ProjectConfigurationPlatforms) = postSolution
		{DC429AC0-A0E2-46D5-8F70-8B30257FCC9F}.Debug|Any CPU.ActiveCfg = Debug|Any CPU
		{DC429AC0-A0E2-46D5-8F70-8B30257FCC9F}.Debug|Any CPU.Build.0 = Debug|Any CPU
		{DC429AC0-A0E2-46D5-8F70-8B30257FCC9F}.Release|Any CPU.ActiveCfg = Release|Any CPU
		{DC429AC0-A0E2-46D5-8F70-8B30257FCC9F}.Release|Any CPU.Build.0 = Release|Any CPU
	EndGlobalSection
	GlobalSection(SolutionProperties) = preSolution
		HideSolutionNode = FALSE
	EndGlobalSection
	GlobalSection(ExtensibilityGlobals) = postSolution
		SolutionGuid = {81550C8A-A297-4200-AFD7-83731BBA85C9}
	EndGlobalSection
EndGlobal
